
Microsoft Visual Studio Solution File, Format Version 12.00
# Visual Studio Version 17
VisualStudioVersion = 17.7.34221.43
MinimumVisualStudioVersion = 10.0.40219.1
Project("{FAE04EC0-301F-11D3-BF4B-00C04F79EFBC}") = "RecipeRevolution", "RecipeRevolution.csproj", "{ADEEA150-2143-4E6E-80FF-020C4BDA823E}"
EndProject
Project("{2150E333-8FDC-42A3-9474-1A3956D46DE8}") = "Presentation", "Presentation", "{01D2DFEC-D0B0-4837-9687-7C8204860E2A}"
EndProject
Project("{2150E333-8FDC-42A3-9474-1A3956D46DE8}") = "Core", "Core", "{026EAFDE-0C3D-4B8A-8193-C570F8AB63A4}"
EndProject
Project("{2150E333-8FDC-42A3-9474-1A3956D46DE8}") = "Infrastructure", "Infrastructure", "{A5D1CA51-B613-4D16-AEB4-4ED98E29D8D3}"
EndProject
Project("{FAE04EC0-301F-11D3-BF4B-00C04F79EFBC}") = "RecipeRevolution.Application", "..\RecipeRevolution.Application\RecipeRevolution.Application.csproj", "{FCCAE13E-901E-41A7-B467-CAAE777995C8}"
EndProject
Project("{FAE04EC0-301F-11D3-BF4B-00C04F79EFBC}") = "RecipeRevolution.Common", "..\RecipeRevolution.Common\RecipeRevolution.Common.csproj", "{386B1E5C-3BB3-4EB9-9CE5-D9A96188356A}"
EndProject
Project("{FAE04EC0-301F-11D3-BF4B-00C04F79EFBC}") = "RecipeRevolution.Domain", "..\RecipeRevolution.Domain\RecipeRevolution.Domain.csproj", "{AA019AEA-F9CD-481C-9DBB-F4E873DE9E6C}"
EndProject
Project("{FAE04EC0-301F-11D3-BF4B-00C04F79EFBC}") = "RecipeRevolution.Infrastructure", "..\RecipeRevolution.Infrastructure\RecipeRevolution.Infrastructure.csproj", "{C1BDFD41-63B2-41EA-916E-48931ECD4BB2}"
EndProject
Project("{FAE04EC0-301F-11D3-BF4B-00C04F79EFBC}") = "RecipeRevolution.Persistance", "..\RecipeRevolution.Persistance\RecipeRevolution.Persistance.csproj", "{FF5907B9-D2A5-48DA-A1A0-940928A22627}"
EndProject
Global
	GlobalSection(SolutionConfigurationPlatforms) = preSolution
		Debug|Any CPU = Debug|Any CPU
		Release|Any CPU = Release|Any CPU
	EndGlobalSection
	GlobalSection(ProjectConfigurationPlatforms) = postSolution
		{ADEEA150-2143-4E6E-80FF-020C4BDA823E}.Debug|Any CPU.ActiveCfg = Debug|Any CPU
		{ADEEA150-2143-4E6E-80FF-020C4BDA823E}.Debug|Any CPU.Build.0 = Debug|Any CPU
		{ADEEA150-2143-4E6E-80FF-020C4BDA823E}.Release|Any CPU.ActiveCfg = Release|Any CPU
		{ADEEA150-2143-4E6E-80FF-020C4BDA823E}.Release|Any CPU.Build.0 = Release|Any CPU
		{FCCAE13E-901E-41A7-B467-CAAE777995C8}.Debug|Any CPU.ActiveCfg = Debug|Any CPU
		{FCCAE13E-901E-41A7-B467-CAAE777995C8}.Debug|Any CPU.Build.0 = Debug|Any CPU
		{FCCAE13E-901E-41A7-B467-CAAE777995C8}.Release|Any CPU.ActiveCfg = Release|Any CPU
		{FCCAE13E-901E-41A7-B467-CAAE777995C8}.Release|Any CPU.Build.0 = Release|Any CPU
		{386B1E5C-3BB3-4EB9-9CE5-D9A96188356A}.Debug|Any CPU.ActiveCfg = Debug|Any CPU
		{386B1E5C-3BB3-4EB9-9CE5-D9A96188356A}.Debug|Any CPU.Build.0 = Debug|Any CPU
		{386B1E5C-3BB3-4EB9-9CE5-D9A96188356A}.Release|Any CPU.ActiveCfg = Release|Any CPU
		{386B1E5C-3BB3-4EB9-9CE5-D9A96188356A}.Release|Any CPU.Build.0 = Release|Any CPU
		{AA019AEA-F9CD-481C-9DBB-F4E873DE9E6C}.Debug|Any CPU.ActiveCfg = Debug|Any CPU
		{AA019AEA-F9CD-481C-9DBB-F4E873DE9E6C}.Debug|Any CPU.Build.0 = Debug|Any CPU
		{AA019AEA-F9CD-481C-9DBB-F4E873DE9E6C}.Release|Any CPU.ActiveCfg = Release|Any CPU
		{AA019AEA-F9CD-481C-9DBB-F4E873DE9E6C}.Release|Any CPU.Build.0 = Release|Any CPU
		{C1BDFD41-63B2-41EA-916E-48931ECD4BB2}.Debug|Any CPU.ActiveCfg = Debug|Any CPU
		{C1BDFD41-63B2-41EA-916E-48931ECD4BB2}.Debug|Any CPU.Build.0 = Debug|Any CPU
		{C1BDFD41-63B2-41EA-916E-48931ECD4BB2}.Release|Any CPU.ActiveCfg = Release|Any CPU
		{C1BDFD41-63B2-41EA-916E-48931ECD4BB2}.Release|Any CPU.Build.0 = Release|Any CPU
		{FF5907B9-D2A5-48DA-A1A0-940928A22627}.Debug|Any CPU.ActiveCfg = Debug|Any CPU
		{FF5907B9-D2A5-48DA-A1A0-940928A22627}.Debug|Any CPU.Build.0 = Debug|Any CPU
		{FF5907B9-D2A5-48DA-A1A0-940928A22627}.Release|Any CPU.ActiveCfg = Release|Any CPU
		{FF5907B9-D2A5-48DA-A1A0-940928A22627}.Release|Any CPU.Build.0 = Release|Any CPU
	EndGlobalSection
	GlobalSection(SolutionProperties) = preSolution
		HideSolutionNode = FALSE
	EndGlobalSection
	GlobalSection(NestedProjects) = preSolution
		{ADEEA150-2143-4E6E-80FF-020C4BDA823E} = {01D2DFEC-D0B0-4837-9687-7C8204860E2A}
		{FCCAE13E-901E-41A7-B467-CAAE777995C8} = {026EAFDE-0C3D-4B8A-8193-C570F8AB63A4}
		{386B1E5C-3BB3-4EB9-9CE5-D9A96188356A} = {026EAFDE-0C3D-4B8A-8193-C570F8AB63A4}
		{AA019AEA-F9CD-481C-9DBB-F4E873DE9E6C} = {026EAFDE-0C3D-4B8A-8193-C570F8AB63A4}
		{C1BDFD41-63B2-41EA-916E-48931ECD4BB2} = {A5D1CA51-B613-4D16-AEB4-4ED98E29D8D3}
		{FF5907B9-D2A5-48DA-A1A0-940928A22627} = {A5D1CA51-B613-4D16-AEB4-4ED98E29D8D3}
	EndGlobalSection
	GlobalSection(ExtensibilityGlobals) = postSolution
		SolutionGuid = {E74E2DA3-9278-48C7-B759-A82A177CDDF1}
	EndGlobalSection
EndGlobal
